
Microsoft Visual Studio Solution File, Format Version 12.00
# Visual Studio Version 16
VisualStudioVersion = 16.0.28803.452
MinimumVisualStudioVersion = 10.0.40219.1
Project("{FAE04EC0-301F-11D3-BF4B-00C04F79EFBC}") = "FontAndColor", "FontAndColor\FontAndColor.csproj", "{47337458-DB16-4331-8DA6-0667F10CED78}"
EndProject
Global
	GlobalSection(SolutionConfigurationPlatforms) = preSolution
		Debug|Any CPU = Debug|Any CPU
		Release|Any CPU = Release|Any CPU
	EndGlobalSection
	GlobalSection(ProjectConfigurationPlatforms) = postSolution
		{47337458-DB16-4331-8DA6-0667F10CED78}.Debug|Any CPU.ActiveCfg = Debug|Any CPU
		{47337458-DB16-4331-8DA6-0667F10CED78}.Debug|Any CPU.Build.0 = Debug|Any CPU
		{47337458-DB16-4331-8DA6-0667F10CED78}.Release|Any CPU.ActiveCfg = Release|Any CPU
		{47337458-DB16-4331-8DA6-0667F10CED78}.Release|Any CPU.Build.0 = Release|Any CPU
	EndGlobalSection
	GlobalSection(SolutionProperties) = preSolution
		HideSolutionNode = FALSE
	EndGlobalSection
	GlobalSection(ExtensibilityGlobals) = postSolution
		SolutionGuid = {D5364CC2-D5FD-4F8D-AD74-3013C88AEF00}
	EndGlobalSection
EndGlobal
